// !$*UTF8*$!
{
	archiveVersion = 1;
	classes = {
	};
	objectVersion = 56;
	objects = {

/* Begin PBXBuildFile section */
		A9BC81182A0A544900260237 /* AppDelegate.swift in Sources */ = {isa = PBXBuildFile; fileRef = A9BC81172A0A544900260237 /* AppDelegate.swift */; };
		A9BC811A2A0A544900260237 /* SceneDelegate.swift in Sources */ = {isa = PBXBuildFile; fileRef = A9BC81192A0A544900260237 /* SceneDelegate.swift */; };
		A9BC811F2A0A544900260237 /* Main.storyboard in Resources */ = {isa = PBXBuildFile; fileRef = A9BC811D2A0A544900260237 /* Main.storyboard */; };
		A9BC81212A0A544B00260237 /* Assets.xcassets in Resources */ = {isa = PBXBuildFile; fileRef = A9BC81202A0A544B00260237 /* Assets.xcassets */; };
		A9BC81242A0A544B00260237 /* LaunchScreen.storyboard in Resources */ = {isa = PBXBuildFile; fileRef = A9BC81222A0A544B00260237 /* LaunchScreen.storyboard */; };
		A9BC812E2A0A54B100260237 /* NetworkManager.swift in Sources */ = {isa = PBXBuildFile; fileRef = A9BC812D2A0A54B100260237 /* NetworkManager.swift */; };
		A9BC81302A0A54BA00260237 /* NetworkHelper.swift in Sources */ = {isa = PBXBuildFile; fileRef = A9BC812F2A0A54BA00260237 /* NetworkHelper.swift */; };
		A9BC81362A0A55ED00260237 /* GenreResponse.swift in Sources */ = {isa = PBXBuildFile; fileRef = A9BC81352A0A55ED00260237 /* GenreResponse.swift */; };
		A9BC81382A0A561100260237 /* CatagoryArtistResponse.swift in Sources */ = {isa = PBXBuildFile; fileRef = A9BC81372A0A561100260237 /* CatagoryArtistResponse.swift */; };
		A9BC813A2A0A562C00260237 /* ArtistAlbumResponse.swift in Sources */ = {isa = PBXBuildFile; fileRef = A9BC81392A0A562C00260237 /* ArtistAlbumResponse.swift */; };
		A9BC813C2A0A565C00260237 /* SongsResponse.swift in Sources */ = {isa = PBXBuildFile; fileRef = A9BC813B2A0A565C00260237 /* SongsResponse.swift */; };
		A9BC813E2A0A58BF00260237 /* GenreView.swift in Sources */ = {isa = PBXBuildFile; fileRef = A9BC813D2A0A58BF00260237 /* GenreView.swift */; };
		A9BC81402A0A59E400260237 /* TabbarController.swift in Sources */ = {isa = PBXBuildFile; fileRef = A9BC813F2A0A59E400260237 /* TabbarController.swift */; };
		A9BC81432A0A5B8800260237 /* GenreCollectionViewCell.swift in Sources */ = {isa = PBXBuildFile; fileRef = A9BC81422A0A5B8800260237 /* GenreCollectionViewCell.swift */; };
		A9BC81462A0A5BDC00260237 /* SDWebImage in Frameworks */ = {isa = PBXBuildFile; productRef = A9BC81452A0A5BDC00260237 /* SDWebImage */; };
		A9BC81482A0A5EB700260237 /* GenreViewModel.swift in Sources */ = {isa = PBXBuildFile; fileRef = A9BC81472A0A5EB700260237 /* GenreViewModel.swift */; };
		A9BC814A2A0A673C00260237 /* GenreArtistsView.swift in Sources */ = {isa = PBXBuildFile; fileRef = A9BC81492A0A673C00260237 /* GenreArtistsView.swift */; };
		A9BC814C2A0A67AF00260237 /* GenreArtistsViewModel.swift in Sources */ = {isa = PBXBuildFile; fileRef = A9BC814B2A0A67AF00260237 /* GenreArtistsViewModel.swift */; };
		A9BC814E2A0A6C6100260237 /* GenreArtistsCell.swift in Sources */ = {isa = PBXBuildFile; fileRef = A9BC814D2A0A6C6100260237 /* GenreArtistsCell.swift */; };
		A9BC81502A0A768500260237 /* ArtistView.swift in Sources */ = {isa = PBXBuildFile; fileRef = A9BC814F2A0A768500260237 /* ArtistView.swift */; };
		A9BC81522A0A784F00260237 /* ArtistViewModel.swift in Sources */ = {isa = PBXBuildFile; fileRef = A9BC81512A0A784F00260237 /* ArtistViewModel.swift */; };
		A9BC81542A0A937900260237 /* TableHeaderView.swift in Sources */ = {isa = PBXBuildFile; fileRef = A9BC81532A0A937900260237 /* TableHeaderView.swift */; };
		A9BC81562A0A983700260237 /* AlbumCell.swift in Sources */ = {isa = PBXBuildFile; fileRef = A9BC81552A0A983700260237 /* AlbumCell.swift */; };
		A9BC81582A0AA57700260237 /* SongsView.swift in Sources */ = {isa = PBXBuildFile; fileRef = A9BC81572A0AA57700260237 /* SongsView.swift */; };
		A9BC815A2A0AA60D00260237 /* SongsViewModel.swift in Sources */ = {isa = PBXBuildFile; fileRef = A9BC81592A0AA60D00260237 /* SongsViewModel.swift */; };
		A9C95D092A0B8AFF00BDDABD /* SongCell.swift in Sources */ = {isa = PBXBuildFile; fileRef = A9C95D082A0B8AFF00BDDABD /* SongCell.swift */; };
		A9C95D1F2A0BF69300BDDABD /* CoreDataManager.swift in Sources */ = {isa = PBXBuildFile; fileRef = A9C95D1E2A0BF69300BDDABD /* CoreDataManager.swift */; };
		A9C95D252A0BF8DB00BDDABD /* SongData.xcdatamodeld in Sources */ = {isa = PBXBuildFile; fileRef = A9C95D232A0BF8DB00BDDABD /* SongData.xcdatamodeld */; };
/* End PBXBuildFile section */

/* Begin PBXFileReference section */
		A9BC81142A0A544900260237 /* Deezer Music Player.app */ = {isa = PBXFileReference; explicitFileType = wrapper.application; includeInIndex = 0; path = "Deezer Music Player.app"; sourceTree = BUILT_PRODUCTS_DIR; };
		A9BC81172A0A544900260237 /* AppDelegate.swift */ = {isa = PBXFileReference; lastKnownFileType = sourcecode.swift; path = AppDelegate.swift; sourceTree = "<group>"; };
		A9BC81192A0A544900260237 /* SceneDelegate.swift */ = {isa = PBXFileReference; lastKnownFileType = sourcecode.swift; path = SceneDelegate.swift; sourceTree = "<group>"; };
		A9BC811E2A0A544900260237 /* Base */ = {isa = PBXFileReference; lastKnownFileType = file.storyboard; name = Base; path = Base.lproj/Main.storyboard; sourceTree = "<group>"; };
		A9BC81202A0A544B00260237 /* Assets.xcassets */ = {isa = PBXFileReference; lastKnownFileType = folder.assetcatalog; path = Assets.xcassets; sourceTree = "<group>"; };
		A9BC81232A0A544B00260237 /* Base */ = {isa = PBXFileReference; lastKnownFileType = file.storyboard; name = Base; path = Base.lproj/LaunchScreen.storyboard; sourceTree = "<group>"; };
		A9BC81252A0A544B00260237 /* Info.plist */ = {isa = PBXFileReference; lastKnownFileType = text.plist.xml; path = Info.plist; sourceTree = "<group>"; };
		A9BC812D2A0A54B100260237 /* NetworkManager.swift */ = {isa = PBXFileReference; lastKnownFileType = sourcecode.swift; path = NetworkManager.swift; sourceTree = "<group>"; };
		A9BC812F2A0A54BA00260237 /* NetworkHelper.swift */ = {isa = PBXFileReference; lastKnownFileType = sourcecode.swift; path = NetworkHelper.swift; sourceTree = "<group>"; };
		A9BC81352A0A55ED00260237 /* GenreResponse.swift */ = {isa = PBXFileReference; lastKnownFileType = sourcecode.swift; path = GenreResponse.swift; sourceTree = "<group>"; };
		A9BC81372A0A561100260237 /* CatagoryArtistResponse.swift */ = {isa = PBXFileReference; lastKnownFileType = sourcecode.swift; path = CatagoryArtistResponse.swift; sourceTree = "<group>"; };
		A9BC81392A0A562C00260237 /* ArtistAlbumResponse.swift */ = {isa = PBXFileReference; lastKnownFileType = sourcecode.swift; path = ArtistAlbumResponse.swift; sourceTree = "<group>"; };
		A9BC813B2A0A565C00260237 /* SongsResponse.swift */ = {isa = PBXFileReference; lastKnownFileType = sourcecode.swift; path = SongsResponse.swift; sourceTree = "<group>"; };
		A9BC813D2A0A58BF00260237 /* GenreView.swift */ = {isa = PBXFileReference; lastKnownFileType = sourcecode.swift; path = GenreView.swift; sourceTree = "<group>"; };
		A9BC813F2A0A59E400260237 /* TabbarController.swift */ = {isa = PBXFileReference; lastKnownFileType = sourcecode.swift; path = TabbarController.swift; sourceTree = "<group>"; };
		A9BC81422A0A5B8800260237 /* GenreCollectionViewCell.swift */ = {isa = PBXFileReference; lastKnownFileType = sourcecode.swift; path = GenreCollectionViewCell.swift; sourceTree = "<group>"; };
		A9BC81472A0A5EB700260237 /* GenreViewModel.swift */ = {isa = PBXFileReference; lastKnownFileType = sourcecode.swift; path = GenreViewModel.swift; sourceTree = "<group>"; };
		A9BC81492A0A673C00260237 /* GenreArtistsView.swift */ = {isa = PBXFileReference; lastKnownFileType = sourcecode.swift; path = GenreArtistsView.swift; sourceTree = "<group>"; };
		A9BC814B2A0A67AF00260237 /* GenreArtistsViewModel.swift */ = {isa = PBXFileReference; lastKnownFileType = sourcecode.swift; path = GenreArtistsViewModel.swift; sourceTree = "<group>"; };
		A9BC814D2A0A6C6100260237 /* GenreArtistsCell.swift */ = {isa = PBXFileReference; lastKnownFileType = sourcecode.swift; path = GenreArtistsCell.swift; sourceTree = "<group>"; };
		A9BC814F2A0A768500260237 /* ArtistView.swift */ = {isa = PBXFileReference; lastKnownFileType = sourcecode.swift; path = ArtistView.swift; sourceTree = "<group>"; };
		A9BC81512A0A784F00260237 /* ArtistViewModel.swift */ = {isa = PBXFileReference; lastKnownFileType = sourcecode.swift; path = ArtistViewModel.swift; sourceTree = "<group>"; };
		A9BC81532A0A937900260237 /* TableHeaderView.swift */ = {isa = PBXFileReference; lastKnownFileType = sourcecode.swift; path = TableHeaderView.swift; sourceTree = "<group>"; };
		A9BC81552A0A983700260237 /* AlbumCell.swift */ = {isa = PBXFileReference; lastKnownFileType = sourcecode.swift; path = AlbumCell.swift; sourceTree = "<group>"; };
		A9BC81572A0AA57700260237 /* SongsView.swift */ = {isa = PBXFileReference; lastKnownFileType = sourcecode.swift; path = SongsView.swift; sourceTree = "<group>"; };
		A9BC81592A0AA60D00260237 /* SongsViewModel.swift */ = {isa = PBXFileReference; lastKnownFileType = sourcecode.swift; path = SongsViewModel.swift; sourceTree = "<group>"; };
		A9C95D082A0B8AFF00BDDABD /* SongCell.swift */ = {isa = PBXFileReference; lastKnownFileType = sourcecode.swift; path = SongCell.swift; sourceTree = "<group>"; };
		A9C95D1E2A0BF69300BDDABD /* CoreDataManager.swift */ = {isa = PBXFileReference; lastKnownFileType = sourcecode.swift; path = CoreDataManager.swift; sourceTree = "<group>"; };
		A9C95D242A0BF8DB00BDDABD /* SongData.xcdatamodel */ = {isa = PBXFileReference; lastKnownFileType = wrapper.xcdatamodel; path = SongData.xcdatamodel; sourceTree = "<group>"; };
/* End PBXFileReference section */

/* Begin PBXFrameworksBuildPhase section */
		A9BC81112A0A544900260237 /* Frameworks */ = {
			isa = PBXFrameworksBuildPhase;
			buildActionMask = 2147483647;
			files = (
				A9BC81462A0A5BDC00260237 /* SDWebImage in Frameworks */,
			);
			runOnlyForDeploymentPostprocessing = 0;
		};
/* End PBXFrameworksBuildPhase section */

/* Begin PBXGroup section */
		A9BC810B2A0A544900260237 = {
			isa = PBXGroup;
			children = (
				A9BC81162A0A544900260237 /* Deezer Music Player */,
				A9BC81152A0A544900260237 /* Products */,
			);
			sourceTree = "<group>";
		};
		A9BC81152A0A544900260237 /* Products */ = {
			isa = PBXGroup;
			children = (
				A9BC81142A0A544900260237 /* Deezer Music Player.app */,
			);
			name = Products;
			sourceTree = "<group>";
		};
		A9BC81162A0A544900260237 /* Deezer Music Player */ = {
			isa = PBXGroup;
			children = (
				A9BC812B2A0A549100260237 /* Core */,
				A9C95D152A0BEC7300BDDABD /* Manager */,
				A9C95D1A2A0BECDC00BDDABD /* Features */,
			);
			path = "Deezer Music Player";
			sourceTree = "<group>";
		};
		A9BC812B2A0A549100260237 /* Core */ = {
			isa = PBXGroup;
			children = (
				A9BC81172A0A544900260237 /* AppDelegate.swift */,
				A9BC81192A0A544900260237 /* SceneDelegate.swift */,
				A9BC811D2A0A544900260237 /* Main.storyboard */,
				A9BC81202A0A544B00260237 /* Assets.xcassets */,
				A9BC81222A0A544B00260237 /* LaunchScreen.storyboard */,
				A9BC81252A0A544B00260237 /* Info.plist */,
				A9C95D232A0BF8DB00BDDABD /* SongData.xcdatamodeld */,
			);
			name = Core;
			sourceTree = "<group>";
		};
		A9C95D142A0BEC5000BDDABD /* Network */ = {
			isa = PBXGroup;
			children = (
				A9BC812D2A0A54B100260237 /* NetworkManager.swift */,
				A9BC812F2A0A54BA00260237 /* NetworkHelper.swift */,
			);
			path = Network;
			sourceTree = "<group>";
		};
		A9C95D152A0BEC7300BDDABD /* Manager */ = {
			isa = PBXGroup;
			children = (
				A9C95D1D2A0BF67C00BDDABD /* CoreDataManager */,
				A9C95D142A0BEC5000BDDABD /* Network */,
			);
			path = Manager;
			sourceTree = "<group>";
		};
		A9C95D162A0BEC9400BDDABD /* Views */ = {
			isa = PBXGroup;
			children = (
				A9C95D1B2A0BED8E00BDDABD /* SubView */,
				A9BC813D2A0A58BF00260237 /* GenreView.swift */,
				A9BC81492A0A673C00260237 /* GenreArtistsView.swift */,
				A9BC814F2A0A768500260237 /* ArtistView.swift */,
				A9BC81572A0AA57700260237 /* SongsView.swift */,
			);
			path = Views;
			sourceTree = "<group>";
		};
		A9C95D192A0BECCB00BDDABD /* ViewModels */ = {
			isa = PBXGroup;
			children = (
				A9BC81472A0A5EB700260237 /* GenreViewModel.swift */,
				A9BC814B2A0A67AF00260237 /* GenreArtistsViewModel.swift */,
				A9BC81512A0A784F00260237 /* ArtistViewModel.swift */,
				A9BC81592A0AA60D00260237 /* SongsViewModel.swift */,
			);
			path = ViewModels;
			sourceTree = "<group>";
		};
		A9C95D1A2A0BECDC00BDDABD /* Features */ = {
			isa = PBXGroup;
			children = (
				A9C95D1C2A0BEDAC00BDDABD /* Model */,
				A9C95D162A0BEC9400BDDABD /* Views */,
				A9C95D192A0BECCB00BDDABD /* ViewModels */,
			);
			name = Features;
			sourceTree = "<group>";
		};
		A9C95D1B2A0BED8E00BDDABD /* SubView */ = {
			isa = PBXGroup;
			children = (
				A9BC81422A0A5B8800260237 /* GenreCollectionViewCell.swift */,
				A9BC813F2A0A59E400260237 /* TabbarController.swift */,
				A9BC814D2A0A6C6100260237 /* GenreArtistsCell.swift */,
				A9BC81532A0A937900260237 /* TableHeaderView.swift */,
				A9BC81552A0A983700260237 /* AlbumCell.swift */,
				A9C95D082A0B8AFF00BDDABD /* SongCell.swift */,
			);
			path = SubView;
			sourceTree = "<group>";
		};
		A9C95D1C2A0BEDAC00BDDABD /* Model */ = {
			isa = PBXGroup;
			children = (
				A9BC81352A0A55ED00260237 /* GenreResponse.swift */,
				A9BC81372A0A561100260237 /* CatagoryArtistResponse.swift */,
				A9BC81392A0A562C00260237 /* ArtistAlbumResponse.swift */,
				A9BC813B2A0A565C00260237 /* SongsResponse.swift */,
			);
			name = Model;
			sourceTree = "<group>";
		};
		A9C95D1D2A0BF67C00BDDABD /* CoreDataManager */ = {
			isa = PBXGroup;
			children = (
				A9C95D1E2A0BF69300BDDABD /* CoreDataManager.swift */,
			);
			path = CoreDataManager;
			sourceTree = "<group>";
		};
/* End PBXGroup section */

/* Begin PBXNativeTarget section */
		A9BC81132A0A544900260237 /* Deezer Music Player */ = {
			isa = PBXNativeTarget;
			buildConfigurationList = A9BC81282A0A544B00260237 /* Build configuration list for PBXNativeTarget "Deezer Music Player" */;
			buildPhases = (
				A9BC81102A0A544900260237 /* Sources */,
				A9BC81112A0A544900260237 /* Frameworks */,
				A9BC81122A0A544900260237 /* Resources */,
			);
			buildRules = (
			);
			dependencies = (
			);
			name = "Deezer Music Player";
			packageProductDependencies = (
				A9BC81452A0A5BDC00260237 /* SDWebImage */,
			);
			productName = "Deezer Music Player";
			productReference = A9BC81142A0A544900260237 /* Deezer Music Player.app */;
			productType = "com.apple.product-type.application";
		};
/* End PBXNativeTarget section */

/* Begin PBXProject section */
		A9BC810C2A0A544900260237 /* Project object */ = {
			isa = PBXProject;
			attributes = {
				BuildIndependentTargetsInParallel = 1;
				LastSwiftUpdateCheck = 1430;
				LastUpgradeCheck = 1430;
				TargetAttributes = {
					A9BC81132A0A544900260237 = {
						CreatedOnToolsVersion = 14.3;
					};
				};
			};
			buildConfigurationList = A9BC810F2A0A544900260237 /* Build configuration list for PBXProject "Deezer Music Player" */;
			compatibilityVersion = "Xcode 14.0";
			developmentRegion = en;
			hasScannedForEncodings = 0;
			knownRegions = (
				en,
				Base,
			);
			mainGroup = A9BC810B2A0A544900260237;
			packageReferences = (
				A9BC81442A0A5BDC00260237 /* XCRemoteSwiftPackageReference "SDWebImage" */,
			);
			productRefGroup = A9BC81152A0A544900260237 /* Products */;
			projectDirPath = "";
			projectRoot = "";
			targets = (
				A9BC81132A0A544900260237 /* Deezer Music Player */,
			);
		};
/* End PBXProject section */

/* Begin PBXResourcesBuildPhase section */
		A9BC81122A0A544900260237 /* Resources */ = {
			isa = PBXResourcesBuildPhase;
			buildActionMask = 2147483647;
			files = (
				A9BC81242A0A544B00260237 /* LaunchScreen.storyboard in Resources */,
				A9BC81212A0A544B00260237 /* Assets.xcassets in Resources */,
				A9BC811F2A0A544900260237 /* Main.storyboard in Resources */,
			);
			runOnlyForDeploymentPostprocessing = 0;
		};
/* End PBXResourcesBuildPhase section */

/* Begin PBXSourcesBuildPhase section */
		A9BC81102A0A544900260237 /* Sources */ = {
			isa = PBXSourcesBuildPhase;
			buildActionMask = 2147483647;
			files = (
				A9BC81482A0A5EB700260237 /* GenreViewModel.swift in Sources */,
				A9BC812E2A0A54B100260237 /* NetworkManager.swift in Sources */,
				A9BC81502A0A768500260237 /* ArtistView.swift in Sources */,
				A9BC81582A0AA57700260237 /* SongsView.swift in Sources */,
				A9BC81382A0A561100260237 /* CatagoryArtistResponse.swift in Sources */,
				A9BC81542A0A937900260237 /* TableHeaderView.swift in Sources */,
				A9BC815A2A0AA60D00260237 /* SongsViewModel.swift in Sources */,
				A9BC813A2A0A562C00260237 /* ArtistAlbumResponse.swift in Sources */,
				A9C95D1F2A0BF69300BDDABD /* CoreDataManager.swift in Sources */,
				A9BC81562A0A983700260237 /* AlbumCell.swift in Sources */,
				A9BC81432A0A5B8800260237 /* GenreCollectionViewCell.swift in Sources */,
				A9BC813E2A0A58BF00260237 /* GenreView.swift in Sources */,
				A9BC814C2A0A67AF00260237 /* GenreArtistsViewModel.swift in Sources */,
				A9BC81522A0A784F00260237 /* ArtistViewModel.swift in Sources */,
				A9C95D252A0BF8DB00BDDABD /* SongData.xcdatamodeld in Sources */,
				A9BC81362A0A55ED00260237 /* GenreResponse.swift in Sources */,
				A9BC81302A0A54BA00260237 /* NetworkHelper.swift in Sources */,
				A9BC81402A0A59E400260237 /* TabbarController.swift in Sources */,
				A9BC814A2A0A673C00260237 /* GenreArtistsView.swift in Sources */,
				A9C95D092A0B8AFF00BDDABD /* SongCell.swift in Sources */,
				A9BC814E2A0A6C6100260237 /* GenreArtistsCell.swift in Sources */,
				A9BC81182A0A544900260237 /* AppDelegate.swift in Sources */,
				A9BC813C2A0A565C00260237 /* SongsResponse.swift in Sources */,
				A9BC811A2A0A544900260237 /* SceneDelegate.swift in Sources */,
			);
			runOnlyForDeploymentPostprocessing = 0;
		};
/* End PBXSourcesBuildPhase section */

/* Begin PBXVariantGroup section */
		A9BC811D2A0A544900260237 /* Main.storyboard */ = {
			isa = PBXVariantGroup;
			children = (
				A9BC811E2A0A544900260237 /* Base */,
			);
			name = Main.storyboard;
			sourceTree = "<group>";
		};
		A9BC81222A0A544B00260237 /* LaunchScreen.storyboard */ = {
			isa = PBXVariantGroup;
			children = (
				A9BC81232A0A544B00260237 /* Base */,
			);
			name = LaunchScreen.storyboard;
			sourceTree = "<group>";
		};
/* End PBXVariantGroup section */

/* Begin XCBuildConfiguration section */
		A9BC81262A0A544B00260237 /* Debug */ = {
			isa = XCBuildConfiguration;
			buildSettings = {
				ALWAYS_SEARCH_USER_PATHS = NO;
				CLANG_ANALYZER_NONNULL = YES;
				CLANG_ANALYZER_NUMBER_OBJECT_CONVERSION = YES_AGGRESSIVE;
				CLANG_CXX_LANGUAGE_STANDARD = "gnu++20";
				CLANG_ENABLE_MODULES = YES;
				CLANG_ENABLE_OBJC_ARC = YES;
				CLANG_ENABLE_OBJC_WEAK = YES;
				CLANG_WARN_BLOCK_CAPTURE_AUTORELEASING = YES;
				CLANG_WARN_BOOL_CONVERSION = YES;
				CLANG_WARN_COMMA = YES;
				CLANG_WARN_CONSTANT_CONVERSION = YES;
				CLANG_WARN_DEPRECATED_OBJC_IMPLEMENTATIONS = YES;
				CLANG_WARN_DIRECT_OBJC_ISA_USAGE = YES_ERROR;
				CLANG_WARN_DOCUMENTATION_COMMENTS = YES;
				CLANG_WARN_EMPTY_BODY = YES;
				CLANG_WARN_ENUM_CONVERSION = YES;
				CLANG_WARN_INFINITE_RECURSION = YES;
				CLANG_WARN_INT_CONVERSION = YES;
				CLANG_WARN_NON_LITERAL_NULL_CONVERSION = YES;
				CLANG_WARN_OBJC_IMPLICIT_RETAIN_SELF = YES;
				CLANG_WARN_OBJC_LITERAL_CONVERSION = YES;
				CLANG_WARN_OBJC_ROOT_CLASS = YES_ERROR;
				CLANG_WARN_QUOTED_INCLUDE_IN_FRAMEWORK_HEADER = YES;
				CLANG_WARN_RANGE_LOOP_ANALYSIS = YES;
				CLANG_WARN_STRICT_PROTOTYPES = YES;
				CLANG_WARN_SUSPICIOUS_MOVE = YES;
				CLANG_WARN_UNGUARDED_AVAILABILITY = YES_AGGRESSIVE;
				CLANG_WARN_UNREACHABLE_CODE = YES;
				CLANG_WARN__DUPLICATE_METHOD_MATCH = YES;
				COPY_PHASE_STRIP = NO;
				DEBUG_INFORMATION_FORMAT = dwarf;
				ENABLE_STRICT_OBJC_MSGSEND = YES;
				ENABLE_TESTABILITY = YES;
				GCC_C_LANGUAGE_STANDARD = gnu11;
				GCC_DYNAMIC_NO_PIC = NO;
				GCC_NO_COMMON_BLOCKS = YES;
				GCC_OPTIMIZATION_LEVEL = 0;
				GCC_PREPROCESSOR_DEFINITIONS = (
					"DEBUG=1",
					"$(inherited)",
				);
				GCC_WARN_64_TO_32_BIT_CONVERSION = YES;
				GCC_WARN_ABOUT_RETURN_TYPE = YES_ERROR;
				GCC_WARN_UNDECLARED_SELECTOR = YES;
				GCC_WARN_UNINITIALIZED_AUTOS = YES_AGGRESSIVE;
				GCC_WARN_UNUSED_FUNCTION = YES;
				GCC_WARN_UNUSED_VARIABLE = YES;
				IPHONEOS_DEPLOYMENT_TARGET = 16.0;
				MTL_ENABLE_DEBUG_INFO = INCLUDE_SOURCE;
				MTL_FAST_MATH = YES;
				ONLY_ACTIVE_ARCH = YES;
				SDKROOT = iphoneos;
				SWIFT_ACTIVE_COMPILATION_CONDITIONS = DEBUG;
				SWIFT_OPTIMIZATION_LEVEL = "-Onone";
			};
			name = Debug;
		};
		A9BC81272A0A544B00260237 /* Release */ = {
			isa = XCBuildConfiguration;
			buildSettings = {
				ALWAYS_SEARCH_USER_PATHS = NO;
				CLANG_ANALYZER_NONNULL = YES;
				CLANG_ANALYZER_NUMBER_OBJECT_CONVERSION = YES_AGGRESSIVE;
				CLANG_CXX_LANGUAGE_STANDARD = "gnu++20";
				CLANG_ENABLE_MODULES = YES;
				CLANG_ENABLE_OBJC_ARC = YES;
				CLANG_ENABLE_OBJC_WEAK = YES;
				CLANG_WARN_BLOCK_CAPTURE_AUTORELEASING = YES;
				CLANG_WARN_BOOL_CONVERSION = YES;
				CLANG_WARN_COMMA = YES;
				CLANG_WARN_CONSTANT_CONVERSION = YES;
				CLANG_WARN_DEPRECATED_OBJC_IMPLEMENTATIONS = YES;
				CLANG_WARN_DIRECT_OBJC_ISA_USAGE = YES_ERROR;
				CLANG_WARN_DOCUMENTATION_COMMENTS = YES;
				CLANG_WARN_EMPTY_BODY = YES;
				CLANG_WARN_ENUM_CONVERSION = YES;
				CLANG_WARN_INFINITE_RECURSION = YES;
				CLANG_WARN_INT_CONVERSION = YES;
				CLANG_WARN_NON_LITERAL_NULL_CONVERSION = YES;
				CLANG_WARN_OBJC_IMPLICIT_RETAIN_SELF = YES;
				CLANG_WARN_OBJC_LITERAL_CONVERSION = YES;
				CLANG_WARN_OBJC_ROOT_CLASS = YES_ERROR;
				CLANG_WARN_QUOTED_INCLUDE_IN_FRAMEWORK_HEADER = YES;
				CLANG_WARN_RANGE_LOOP_ANALYSIS = YES;
				CLANG_WARN_STRICT_PROTOTYPES = YES;
				CLANG_WARN_SUSPICIOUS_MOVE = YES;
				CLANG_WARN_UNGUARDED_AVAILABILITY = YES_AGGRESSIVE;
				CLANG_WARN_UNREACHABLE_CODE = YES;
				CLANG_WARN__DUPLICATE_METHOD_MATCH = YES;
				COPY_PHASE_STRIP = NO;
				DEBUG_INFORMATION_FORMAT = "dwarf-with-dsym";
				ENABLE_NS_ASSERTIONS = NO;
				ENABLE_STRICT_OBJC_MSGSEND = YES;
				GCC_C_LANGUAGE_STANDARD = gnu11;
				GCC_NO_COMMON_BLOCKS = YES;
				GCC_WARN_64_TO_32_BIT_CONVERSION = YES;
				GCC_WARN_ABOUT_RETURN_TYPE = YES_ERROR;
				GCC_WARN_UNDECLARED_SELECTOR = YES;
				GCC_WARN_UNINITIALIZED_AUTOS = YES_AGGRESSIVE;
				GCC_WARN_UNUSED_FUNCTION = YES;
				GCC_WARN_UNUSED_VARIABLE = YES;
				IPHONEOS_DEPLOYMENT_TARGET = 16.0;
				MTL_ENABLE_DEBUG_INFO = NO;
				MTL_FAST_MATH = YES;
				SDKROOT = iphoneos;
				SWIFT_COMPILATION_MODE = wholemodule;
				SWIFT_OPTIMIZATION_LEVEL = "-O";
				VALIDATE_PRODUCT = YES;
			};
			name = Release;
		};
		A9BC81292A0A544B00260237 /* Debug */ = {
			isa = XCBuildConfiguration;
			buildSettings = {
				ASSETCATALOG_COMPILER_APPICON_NAME = AppIcon;
				ASSETCATALOG_COMPILER_GLOBAL_ACCENT_COLOR_NAME = AccentColor;
				CODE_SIGN_STYLE = Automatic;
				CURRENT_PROJECT_VERSION = 1;
				DEVELOPMENT_TEAM = 2MZZ36MSKF;
				GENERATE_INFOPLIST_FILE = YES;
				INFOPLIST_FILE = "Deezer Music Player/Info.plist";
				INFOPLIST_KEY_UIApplicationSupportsIndirectInputEvents = YES;
				INFOPLIST_KEY_UILaunchStoryboardName = LaunchScreen;
				INFOPLIST_KEY_UIMainStoryboardFile = Main;
				INFOPLIST_KEY_UISupportedInterfaceOrientations_iPad = "UIInterfaceOrientationPortrait UIInterfaceOrientationPortraitUpsideDown UIInterfaceOrientationLandscapeLeft UIInterfaceOrientationLandscapeRight";
				INFOPLIST_KEY_UISupportedInterfaceOrientations_iPhone = "UIInterfaceOrientationPortrait UIInterfaceOrientationLandscapeLeft UIInterfaceOrientationLandscapeRight";
				IPHONEOS_DEPLOYMENT_TARGET = 16.0;
				LD_RUNPATH_SEARCH_PATHS = (
					"$(inherited)",
					"@executable_path/Frameworks",
				);
				MARKETING_VERSION = 1.0;
				PRODUCT_BUNDLE_IDENTIFIER = "com.emincanantalyali.Deezer-Music-Player";
				PRODUCT_NAME = "$(TARGET_NAME)";
				SWIFT_EMIT_LOC_STRINGS = YES;
				SWIFT_VERSION = 5.0;
				TARGETED_DEVICE_FAMILY = "1,2";
			};
			name = Debug;
		};
		A9BC812A2A0A544B00260237 /* Release */ = {
			isa = XCBuildConfiguration;
			buildSettings = {
				ASSETCATALOG_COMPILER_APPICON_NAME = AppIcon;
				ASSETCATALOG_COMPILER_GLOBAL_ACCENT_COLOR_NAME = AccentColor;
				CODE_SIGN_STYLE = Automatic;
				CURRENT_PROJECT_VERSION = 1;
				DEVELOPMENT_TEAM = 2MZZ36MSKF;
				GENERATE_INFOPLIST_FILE = YES;
				INFOPLIST_FILE = "Deezer Music Player/Info.plist";
				INFOPLIST_KEY_UIApplicationSupportsIndirectInputEvents = YES;
				INFOPLIST_KEY_UILaunchStoryboardName = LaunchScreen;
				INFOPLIST_KEY_UIMainStoryboardFile = Main;
				INFOPLIST_KEY_UISupportedInterfaceOrientations_iPad = "UIInterfaceOrientationPortrait UIInterfaceOrientationPortraitUpsideDown UIInterfaceOrientationLandscapeLeft UIInterfaceOrientationLandscapeRight";
				INFOPLIST_KEY_UISupportedInterfaceOrientations_iPhone = "UIInterfaceOrientationPortrait UIInterfaceOrientationLandscapeLeft UIInterfaceOrientationLandscapeRight";
				IPHONEOS_DEPLOYMENT_TARGET = 16.0;
				LD_RUNPATH_SEARCH_PATHS = (
					"$(inherited)",
					"@executable_path/Frameworks",
				);
				MARKETING_VERSION = 1.0;
				PRODUCT_BUNDLE_IDENTIFIER = "com.emincanantalyali.Deezer-Music-Player";
				PRODUCT_NAME = "$(TARGET_NAME)";
				SWIFT_EMIT_LOC_STRINGS = YES;
				SWIFT_VERSION = 5.0;
				TARGETED_DEVICE_FAMILY = "1,2";
			};
			name = Release;
		};
/* End XCBuildConfiguration section */

/* Begin XCConfigurationList section */
		A9BC810F2A0A544900260237 /* Build configuration list for PBXProject "Deezer Music Player" */ = {
			isa = XCConfigurationList;
			buildConfigurations = (
				A9BC81262A0A544B00260237 /* Debug */,
				A9BC81272A0A544B00260237 /* Release */,
			);
			defaultConfigurationIsVisible = 0;
			defaultConfigurationName = Release;
		};
		A9BC81282A0A544B00260237 /* Build configuration list for PBXNativeTarget "Deezer Music Player" */ = {
			isa = XCConfigurationList;
			buildConfigurations = (
				A9BC81292A0A544B00260237 /* Debug */,
				A9BC812A2A0A544B00260237 /* Release */,
			);
			defaultConfigurationIsVisible = 0;
			defaultConfigurationName = Release;
		};
/* End XCConfigurationList section */

/* Begin XCRemoteSwiftPackageReference section */
		A9BC81442A0A5BDC00260237 /* XCRemoteSwiftPackageReference "SDWebImage" */ = {
			isa = XCRemoteSwiftPackageReference;
			repositoryURL = "https://github.com/SDWebImage/SDWebImage.git";
			requirement = {
				kind = upToNextMajorVersion;
				minimumVersion = 5.0.0;
			};
		};
/* End XCRemoteSwiftPackageReference section */

/* Begin XCSwiftPackageProductDependency section */
		A9BC81452A0A5BDC00260237 /* SDWebImage */ = {
			isa = XCSwiftPackageProductDependency;
			package = A9BC81442A0A5BDC00260237 /* XCRemoteSwiftPackageReference "SDWebImage" */;
			productName = SDWebImage;
		};
/* End XCSwiftPackageProductDependency section */

/* Begin XCVersionGroup section */
		A9C95D232A0BF8DB00BDDABD /* SongData.xcdatamodeld */ = {
			isa = XCVersionGroup;
			children = (
				A9C95D242A0BF8DB00BDDABD /* SongData.xcdatamodel */,
			);
			currentVersion = A9C95D242A0BF8DB00BDDABD /* SongData.xcdatamodel */;
			path = SongData.xcdatamodeld;
			sourceTree = "<group>";
			versionGroupType = wrapper.xcdatamodel;
		};
/* End XCVersionGroup section */
	};
	rootObject = A9BC810C2A0A544900260237 /* Project object */;
}
